
Microsoft Visual Studio Solution File, Format Version 12.00
# Visual Studio 15
VisualStudioVersion = 15.0.27004.2005
MinimumVisualStudioVersion = 10.0.40219.1
Project("{FAE04EC0-301F-11D3-BF4B-00C04F79EFBC}") = "LargestAndLowestAmongThreeNumbers", "LargestAndLowestAmongThreeNumbers\LargestAndLowestAmongThreeNumbers.csproj", "{5DE37E27-E3EF-4DBE-A6BA-6EC8365F5855}"
EndProject
Global
	GlobalSection(SolutionConfigurationPlatforms) = preSolution
		Debug|Any CPU = Debug|Any CPU
		Release|Any CPU = Release|Any CPU
	EndGlobalSection
	GlobalSection(ProjectConfigurationPlatforms) = postSolution
		{5DE37E27-E3EF-4DBE-A6BA-6EC8365F5855}.Debug|Any CPU.ActiveCfg = Debug|Any CPU
		{5DE37E27-E3EF-4DBE-A6BA-6EC8365F5855}.Debug|Any CPU.Build.0 = Debug|Any CPU
		{5DE37E27-E3EF-4DBE-A6BA-6EC8365F5855}.Release|Any CPU.ActiveCfg = Release|Any CPU
		{5DE37E27-E3EF-4DBE-A6BA-6EC8365F5855}.Release|Any CPU.Build.0 = Release|Any CPU
	EndGlobalSection
	GlobalSection(SolutionProperties) = preSolution
		HideSolutionNode = FALSE
	EndGlobalSection
	GlobalSection(ExtensibilityGlobals) = postSolution
		SolutionGuid = {3AEA5DE4-2658-436B-A71E-4339CA19C2C4}
	EndGlobalSection
EndGlobal
