
Microsoft Visual Studio Solution File, Format Version 12.00
# Visual Studio 15
VisualStudioVersion = 15.0.27004.2005
MinimumVisualStudioVersion = 10.0.40219.1
Project("{FAE04EC0-301F-11D3-BF4B-00C04F79EFBC}") = "SumOfDigitsOfInteger", "SumOfDigitsOfInteger\SumOfDigitsOfInteger.csproj", "{00FE10A8-A451-4F94-B044-2092C423AEB2}"
EndProject
Global
	GlobalSection(SolutionConfigurationPlatforms) = preSolution
		Debug|Any CPU = Debug|Any CPU
		Release|Any CPU = Release|Any CPU
	EndGlobalSection
	GlobalSection(ProjectConfigurationPlatforms) = postSolution
		{00FE10A8-A451-4F94-B044-2092C423AEB2}.Debug|Any CPU.ActiveCfg = Debug|Any CPU
		{00FE10A8-A451-4F94-B044-2092C423AEB2}.Debug|Any CPU.Build.0 = Debug|Any CPU
		{00FE10A8-A451-4F94-B044-2092C423AEB2}.Release|Any CPU.ActiveCfg = Release|Any CPU
		{00FE10A8-A451-4F94-B044-2092C423AEB2}.Release|Any CPU.Build.0 = Release|Any CPU
	EndGlobalSection
	GlobalSection(SolutionProperties) = preSolution
		HideSolutionNode = FALSE
	EndGlobalSection
	GlobalSection(ExtensibilityGlobals) = postSolution
		SolutionGuid = {CC8DCF69-92B3-494E-9364-8A4ECE4F52DE}
	EndGlobalSection
EndGlobal
