
Microsoft Visual Studio Solution File, Format Version 12.00
# Visual Studio 15
VisualStudioVersion = 15.0.27004.2005
MinimumVisualStudioVersion = 10.0.40219.1
Project("{FAE04EC0-301F-11D3-BF4B-00C04F79EFBC}") = "SumOfIntegers", "SumOfIntegers\SumOfIntegers.csproj", "{1076C599-D5DA-4834-A000-60C17CC70390}"
EndProject
Global
	GlobalSection(SolutionConfigurationPlatforms) = preSolution
		Debug|Any CPU = Debug|Any CPU
		Release|Any CPU = Release|Any CPU
	EndGlobalSection
	GlobalSection(ProjectConfigurationPlatforms) = postSolution
		{1076C599-D5DA-4834-A000-60C17CC70390}.Debug|Any CPU.ActiveCfg = Debug|Any CPU
		{1076C599-D5DA-4834-A000-60C17CC70390}.Debug|Any CPU.Build.0 = Debug|Any CPU
		{1076C599-D5DA-4834-A000-60C17CC70390}.Release|Any CPU.ActiveCfg = Release|Any CPU
		{1076C599-D5DA-4834-A000-60C17CC70390}.Release|Any CPU.Build.0 = Release|Any CPU
	EndGlobalSection
	GlobalSection(SolutionProperties) = preSolution
		HideSolutionNode = FALSE
	EndGlobalSection
	GlobalSection(ExtensibilityGlobals) = postSolution
		SolutionGuid = {1C09E436-3F09-4D4A-A9CF-3A9F83D4A624}
	EndGlobalSection
EndGlobal
