
Microsoft Visual Studio Solution File, Format Version 12.00
# Visual Studio 15
VisualStudioVersion = 15.0.27004.2005
MinimumVisualStudioVersion = 10.0.40219.1
Project("{FAE04EC0-301F-11D3-BF4B-00C04F79EFBC}") = "TriangleOfNumberWithSpecificWidth", "TriangleOfNumberWithSpecificWidth\TriangleOfNumberWithSpecificWidth.csproj", "{06BF47A4-AB9E-40F3-96C6-C02FA98D6177}"
EndProject
Global
	GlobalSection(SolutionConfigurationPlatforms) = preSolution
		Debug|Any CPU = Debug|Any CPU
		Release|Any CPU = Release|Any CPU
	EndGlobalSection
	GlobalSection(ProjectConfigurationPlatforms) = postSolution
		{06BF47A4-AB9E-40F3-96C6-C02FA98D6177}.Debug|Any CPU.ActiveCfg = Debug|Any CPU
		{06BF47A4-AB9E-40F3-96C6-C02FA98D6177}.Debug|Any CPU.Build.0 = Debug|Any CPU
		{06BF47A4-AB9E-40F3-96C6-C02FA98D6177}.Release|Any CPU.ActiveCfg = Release|Any CPU
		{06BF47A4-AB9E-40F3-96C6-C02FA98D6177}.Release|Any CPU.Build.0 = Release|Any CPU
	EndGlobalSection
	GlobalSection(SolutionProperties) = preSolution
		HideSolutionNode = FALSE
	EndGlobalSection
	GlobalSection(ExtensibilityGlobals) = postSolution
		SolutionGuid = {E813954B-5665-4348-9BE5-FEB1E2887941}
	EndGlobalSection
EndGlobal
