
Microsoft Visual Studio Solution File, Format Version 12.00
# Visual Studio 15
VisualStudioVersion = 15.0.27004.2005
MinimumVisualStudioVersion = 10.0.40219.1
Project("{FAE04EC0-301F-11D3-BF4B-00C04F79EFBC}") = "QA", "QA\QA.csproj", "{8065990A-5202-4AD7-BEA0-BA8081D6E54C}"
EndProject
Project("{FAE04EC0-301F-11D3-BF4B-00C04F79EFBC}") = "Program1", "Program1\Program1.csproj", "{C2EC529D-5337-49D5-A9A8-0709FE668553}"
EndProject
Project("{FAE04EC0-301F-11D3-BF4B-00C04F79EFBC}") = "Program2", "Program2\Program2.csproj", "{6A150F47-3AC0-45CC-B317-C82BC87679DB}"
EndProject
Global
	GlobalSection(SolutionConfigurationPlatforms) = preSolution
		Debug|Any CPU = Debug|Any CPU
		Release|Any CPU = Release|Any CPU
	EndGlobalSection
	GlobalSection(ProjectConfigurationPlatforms) = postSolution
		{8065990A-5202-4AD7-BEA0-BA8081D6E54C}.Debug|Any CPU.ActiveCfg = Debug|Any CPU
		{8065990A-5202-4AD7-BEA0-BA8081D6E54C}.Debug|Any CPU.Build.0 = Debug|Any CPU
		{8065990A-5202-4AD7-BEA0-BA8081D6E54C}.Release|Any CPU.ActiveCfg = Release|Any CPU
		{8065990A-5202-4AD7-BEA0-BA8081D6E54C}.Release|Any CPU.Build.0 = Release|Any CPU
		{C2EC529D-5337-49D5-A9A8-0709FE668553}.Debug|Any CPU.ActiveCfg = Debug|Any CPU
		{C2EC529D-5337-49D5-A9A8-0709FE668553}.Debug|Any CPU.Build.0 = Debug|Any CPU
		{C2EC529D-5337-49D5-A9A8-0709FE668553}.Release|Any CPU.ActiveCfg = Release|Any CPU
		{C2EC529D-5337-49D5-A9A8-0709FE668553}.Release|Any CPU.Build.0 = Release|Any CPU
		{6A150F47-3AC0-45CC-B317-C82BC87679DB}.Debug|Any CPU.ActiveCfg = Debug|Any CPU
		{6A150F47-3AC0-45CC-B317-C82BC87679DB}.Debug|Any CPU.Build.0 = Debug|Any CPU
		{6A150F47-3AC0-45CC-B317-C82BC87679DB}.Release|Any CPU.ActiveCfg = Release|Any CPU
		{6A150F47-3AC0-45CC-B317-C82BC87679DB}.Release|Any CPU.Build.0 = Release|Any CPU
	EndGlobalSection
	GlobalSection(SolutionProperties) = preSolution
		HideSolutionNode = FALSE
	EndGlobalSection
	GlobalSection(ExtensibilityGlobals) = postSolution
		SolutionGuid = {E7393298-8575-4800-8943-80D02FB9BB0C}
	EndGlobalSection
EndGlobal
